
Microsoft Visual Studio Solution File, Format Version 12.00
# Visual Studio Version 17
VisualStudioVersion = 17.0.31903.59
MinimumVisualStudioVersion = 10.0.40219.1
Project("{FAE04EC0-301F-11D3-BF4B-00C04F79EFBC}") = "TodoSnap", "TodoSnap.csproj", "{8F2A9E1C-4B3D-4E7A-9C21-7A1B2C3D4E5F}"
EndProject
Global
	GlobalSection(SolutionConfigurationPlatforms) = preSolution
		Debug|Any CPU = Debug|Any CPU
		Release|Any CPU = Release|Any CPU
	EndGlobalSection
	GlobalSection(ProjectConfigurationPlatforms) = postSolution
		{8F2A9E1C-4B3D-4E7A-9C21-7A1B2C3D4E5F}.Debug|Any CPU.ActiveCfg = Debug|Any CPU
		{8F2A9E1C-4B3D-4E7A-9C21-7A1B2C3D4E5F}.Debug|Any CPU.Build.0 = Debug|Any CPU
		{8F2A9E1C-4B3D-4E7A-9C21-7A1B2C3D4E5F}.Release|Any CPU.ActiveCfg = Release|Any CPU
		{8F2A9E1C-4B3D-4E7A-9C21-7A1B2C3D4E5F}.Release|Any CPU.Build.0 = Release|Any CPU
	EndGlobalSection
	GlobalSection(SolutionProperties) = preSolution
		HideSolutionNode = FALSE
	EndGlobalSection
EndGlobal
